{
  "version": 4,
  "terraform_version": "1.15.2",
  "serial": 30,
  "lineage": "38602f50-8cc9-30e5-40fa-dab6b22fb3f7",
  "outputs": {
    "ansible_inventory_hint": {
      "value": {
        "db": [
          "192.168.150.3"
        ],
        "workers": [
          "192.168.150.172"
        ]
      },
      "type": [
        "object",
        {
          "db": [
            "tuple",
            [
              "string"
            ]
          ],
          "workers": [
            "tuple",
            [
              "string"
            ]
          ]
        }
      ]
    },
    "db_ip": {
      "value": "192.168.150.3",
      "type": "string"
    },
    "worker_ip": {
      "value": "192.168.150.172",
      "type": "string"
    }
  },
  "resources": [
    {
      "mode": "managed",
      "type": "libvirt_cloudinit_disk",
      "name": "common_init",
      "provider": "provider[\"registry.terraform.io/dmacvicar/libvirt\"]",
      "instances": [
        {
          "index_key": "db",
          "schema_version": 0,
          "attributes": {
            "id": "/var/lib/libvirt/images/db-init.iso;2a9e0e3c-76c4-49fa-a973-8713a976cac8",
            "meta_data": "",
            "name": "db-init.iso",
            "network_config": "",
            "pool": "default",
            "user_data": "#cloud-config\nhostname: db\nmanage_etc_hosts: true\n\nusers:\n  - default\n  - name: ansible\n    gecos: Ansible Automation User\n    groups: [sudo]\n    shell: /bin/bash\n    sudo: ALL=(ALL) NOPASSWD:ALL\n    lock_passwd: true\n    ssh_authorized_keys:\n      - ssh-rsa AAAAB3NzaC1yc2EAAAADAQABAAACAQDAFG6u+LyiMD4gYYPg+NIemxIuPtuvNvQy2eFbq91O7cFm80kXwgI0Fc7qP7B3Po78xh0ydZgUzOgLDV6ayUUNQF8uAcKPytRv3+lTEEYr4LU/Zza3lf/LN9tXSRhL2pTytY3Rh2o2MrvYo1yDqTWMJg3tmhPrKZAkIrjdE1bBifd97Hkbbv6PHPpVQaGBUKv10zT3DqB062078+nexiFD4bB2Tje9+OGGxbW2nOPs9omp+NwF5N6U0fc/nsTd3EuwJEJ6s0EUfxWHaWClBJwpT96wrJ067/GszDxfY4OB0M/zu+Hl6egX85u08XpYEObM5LNeP8FGzbcWSdxD5mVf3ldSoya7o9ZoEOGNgNj56fE+5i7GPaKLODtHfO9Ptq6LirKeg84fV192n8euuXhqelqNX5U7Srfj5Do92XXcQ4Pu+8wbjSQA5941PbKKbfQXLqT56+C+pwYFL8ktUJ/IoegdN/EbsnVdN0hs6JTEMSsc/ENpXyoA1YRVm16g3vB/zewLs5rMJcH2U/lOjdJ5V+PkhRAwckloYA6a8o/dZM6rb/LQtZZAiYfNnPWLdouzxYPNYUwVNMuYr2TVYQp8QoFcpjzcbNW9mIdw+0O7IWQbnZSWeaYxm5t75SrpNXE6C9Y5KrX+QgufYihVpnW1Q8NAEVzv7rkLzUJRgDI5UQ== pavlo@debian\n\npackage_update: true\npackage_upgrade: true\n\npackages:\n  - qemu-guest-agent\n  - python3\n  - python3-apt\n\nruncmd:\n  - systemctl enable --now qemu-guest-agent"
          },
          "sensitive_attributes": [],
          "identity_schema_version": 0,
          "private": "bnVsbA=="
        },
        {
          "index_key": "worker",
          "schema_version": 0,
          "attributes": {
            "id": "/var/lib/libvirt/images/worker-init.iso;44f80e99-18a2-4f02-8251-05c5b982b6cf",
            "meta_data": "",
            "name": "worker-init.iso",
            "network_config": "",
            "pool": "default",
            "user_data": "#cloud-config\nhostname: worker\nmanage_etc_hosts: true\n\nusers:\n  - default\n  - name: ansible\n    gecos: Ansible Automation User\n    groups: [sudo]\n    shell: /bin/bash\n    sudo: ALL=(ALL) NOPASSWD:ALL\n    lock_passwd: true\n    ssh_authorized_keys:\n      - ssh-rsa AAAAB3NzaC1yc2EAAAADAQABAAACAQDAFG6u+LyiMD4gYYPg+NIemxIuPtuvNvQy2eFbq91O7cFm80kXwgI0Fc7qP7B3Po78xh0ydZgUzOgLDV6ayUUNQF8uAcKPytRv3+lTEEYr4LU/Zza3lf/LN9tXSRhL2pTytY3Rh2o2MrvYo1yDqTWMJg3tmhPrKZAkIrjdE1bBifd97Hkbbv6PHPpVQaGBUKv10zT3DqB062078+nexiFD4bB2Tje9+OGGxbW2nOPs9omp+NwF5N6U0fc/nsTd3EuwJEJ6s0EUfxWHaWClBJwpT96wrJ067/GszDxfY4OB0M/zu+Hl6egX85u08XpYEObM5LNeP8FGzbcWSdxD5mVf3ldSoya7o9ZoEOGNgNj56fE+5i7GPaKLODtHfO9Ptq6LirKeg84fV192n8euuXhqelqNX5U7Srfj5Do92XXcQ4Pu+8wbjSQA5941PbKKbfQXLqT56+C+pwYFL8ktUJ/IoegdN/EbsnVdN0hs6JTEMSsc/ENpXyoA1YRVm16g3vB/zewLs5rMJcH2U/lOjdJ5V+PkhRAwckloYA6a8o/dZM6rb/LQtZZAiYfNnPWLdouzxYPNYUwVNMuYr2TVYQp8QoFcpjzcbNW9mIdw+0O7IWQbnZSWeaYxm5t75SrpNXE6C9Y5KrX+QgufYihVpnW1Q8NAEVzv7rkLzUJRgDI5UQ== pavlo@debian\n\npackage_update: true\npackage_upgrade: true\n\npackages:\n  - qemu-guest-agent\n  - python3\n  - python3-apt\n\nruncmd:\n  - systemctl enable --now qemu-guest-agent"
          },
          "sensitive_attributes": [],
          "identity_schema_version": 0,
          "private": "bnVsbA=="
        }
      ]
    },
    {
      "mode": "managed",
      "type": "libvirt_domain",
      "name": "vms",
      "provider": "provider[\"registry.terraform.io/dmacvicar/libvirt\"]",
      "instances": [
        {
          "index_key": "db",
          "schema_version": 0,
          "attributes": {
            "arch": "x86_64",
            "autostart": false,
            "boot_device": [],
            "cloudinit": "/var/lib/libvirt/images/db-init.iso;2a9e0e3c-76c4-49fa-a973-8713a976cac8",
            "cmdline": [],
            "console": [
              {
                "source_host": "127.0.0.1",
                "source_path": "",
                "source_service": "0",
                "target_port": "0",
                "target_type": "serial",
                "type": "pty"
              }
            ],
            "coreos_ignition": null,
            "cpu": [
              {
                "mode": "custom"
              }
            ],
            "description": "",
            "disk": [
              {
                "block_device": "",
                "file": "",
                "scsi": false,
                "url": "",
                "volume_id": "/var/lib/libvirt/images/db.qcow2",
                "wwn": ""
              }
            ],
            "emulator": "/usr/bin/qemu-system-x86_64",
            "filesystem": [],
            "firmware": null,
            "fw_cfg_name": "opt/com.coreos/config",
            "graphics": [],
            "id": "2d9fc138-b4c1-4772-9f35-6bd7138b5ad9",
            "initrd": "",
            "kernel": "",
            "machine": "pc",
            "memory": 2048,
            "metadata": null,
            "name": "db",
            "network_interface": [
              {
                "addresses": [
                  "192.168.150.3"
                ],
                "bridge": "",
                "hostname": "db",
                "mac": "52:54:00:4E:B5:24",
                "macvtap": "",
                "network_id": "e80bd363-c7a6-4e8c-add4-e304fb718375",
                "network_name": "lab4-network",
                "passthrough": "",
                "vepa": "",
                "wait_for_lease": true
              }
            ],
            "nvram": [],
            "qemu_agent": false,
            "running": true,
            "timeouts": null,
            "tpm": [],
            "vcpu": 2,
            "video": [],
            "xml": []
          },
          "sensitive_attributes": [],
          "identity_schema_version": 0,
          "private": "eyJlMmJmYjczMC1lY2FhLTExZTYtOGY4OC0zNDM2M2JjN2M0YzAiOnsiY3JlYXRlIjozMDAwMDAwMDAwMDB9fQ==",
          "dependencies": [
            "libvirt_cloudinit_disk.common_init",
            "libvirt_network.lab4_net",
            "libvirt_volume.base_image",
            "libvirt_volume.disks"
          ]
        },
        {
          "index_key": "worker",
          "schema_version": 0,
          "attributes": {
            "arch": "x86_64",
            "autostart": false,
            "boot_device": [],
            "cloudinit": "/var/lib/libvirt/images/worker-init.iso;44f80e99-18a2-4f02-8251-05c5b982b6cf",
            "cmdline": [],
            "console": [
              {
                "source_host": "127.0.0.1",
                "source_path": "",
                "source_service": "0",
                "target_port": "0",
                "target_type": "serial",
                "type": "pty"
              }
            ],
            "coreos_ignition": null,
            "cpu": [
              {
                "mode": "custom"
              }
            ],
            "description": "",
            "disk": [
              {
                "block_device": "",
                "file": "",
                "scsi": false,
                "url": "",
                "volume_id": "/var/lib/libvirt/images/worker.qcow2",
                "wwn": ""
              }
            ],
            "emulator": "/usr/bin/qemu-system-x86_64",
            "filesystem": [],
            "firmware": null,
            "fw_cfg_name": "opt/com.coreos/config",
            "graphics": [],
            "id": "c7489270-66f9-4011-ba84-21a0dbb86048",
            "initrd": "",
            "kernel": "",
            "machine": "pc",
            "memory": 4096,
            "metadata": null,
            "name": "worker",
            "network_interface": [
              {
                "addresses": [
                  "192.168.150.172"
                ],
                "bridge": "",
                "hostname": "worker",
                "mac": "52:54:00:FA:A2:F9",
                "macvtap": "",
                "network_id": "e80bd363-c7a6-4e8c-add4-e304fb718375",
                "network_name": "lab4-network",
                "passthrough": "",
                "vepa": "",
                "wait_for_lease": true
              }
            ],
            "nvram": [],
            "qemu_agent": false,
            "running": true,
            "timeouts": null,
            "tpm": [],
            "vcpu": 2,
            "video": [],
            "xml": []
          },
          "sensitive_attributes": [],
          "identity_schema_version": 0,
          "private": "eyJlMmJmYjczMC1lY2FhLTExZTYtOGY4OC0zNDM2M2JjN2M0YzAiOnsiY3JlYXRlIjozMDAwMDAwMDAwMDB9fQ==",
          "dependencies": [
            "libvirt_cloudinit_disk.common_init",
            "libvirt_network.lab4_net",
            "libvirt_volume.base_image",
            "libvirt_volume.disks"
          ]
        }
      ]
    },
    {
      "mode": "managed",
      "type": "libvirt_network",
      "name": "lab4_net",
      "provider": "provider[\"registry.terraform.io/dmacvicar/libvirt\"]",
      "instances": [
        {
          "schema_version": 0,
          "attributes": {
            "addresses": [
              "192.168.150.0/24"
            ],
            "autostart": true,
            "bridge": "virbr1",
            "dhcp": [
              {
                "enabled": true
              }
            ],
            "dns": [
              {
                "enabled": true,
                "forwarders": [],
                "hosts": [],
                "local_only": true,
                "srvs": []
              }
            ],
            "dnsmasq_options": [],
            "domain": null,
            "id": "e80bd363-c7a6-4e8c-add4-e304fb718375",
            "mode": "nat",
            "mtu": null,
            "name": "lab4-network",
            "routes": [],
            "xml": []
          },
          "sensitive_attributes": [],
          "identity_schema_version": 0,
          "private": "bnVsbA=="
        }
      ]
    },
    {
      "mode": "managed",
      "type": "libvirt_volume",
      "name": "base_image",
      "provider": "provider[\"registry.terraform.io/dmacvicar/libvirt\"]",
      "instances": [
        {
          "schema_version": 0,
          "attributes": {
            "base_volume_id": null,
            "base_volume_name": null,
            "base_volume_pool": null,
            "format": "qcow2",
            "id": "/var/lib/libvirt/images/ubuntu-24-04-base",
            "name": "ubuntu-24-04-base",
            "pool": "default",
            "size": 3758096384,
            "source": "/home/pavlo/ubuntu-24.04.qcow2",
            "xml": []
          },
          "sensitive_attributes": [],
          "identity_schema_version": 0,
          "private": "bnVsbA=="
        }
      ]
    },
    {
      "mode": "managed",
      "type": "libvirt_volume",
      "name": "disks",
      "provider": "provider[\"registry.terraform.io/dmacvicar/libvirt\"]",
      "instances": [
        {
          "index_key": "db",
          "schema_version": 0,
          "attributes": {
            "base_volume_id": "/var/lib/libvirt/images/ubuntu-24-04-base",
            "base_volume_name": null,
            "base_volume_pool": null,
            "format": "qcow2",
            "id": "/var/lib/libvirt/images/db.qcow2",
            "name": "db.qcow2",
            "pool": "default",
            "size": 10737418240,
            "source": null,
            "xml": []
          },
          "sensitive_attributes": [],
          "identity_schema_version": 0,
          "private": "bnVsbA==",
          "dependencies": [
            "libvirt_volume.base_image"
          ]
        },
        {
          "index_key": "worker",
          "schema_version": 0,
          "attributes": {
            "base_volume_id": "/var/lib/libvirt/images/ubuntu-24-04-base",
            "base_volume_name": null,
            "base_volume_pool": null,
            "format": "qcow2",
            "id": "/var/lib/libvirt/images/worker.qcow2",
            "name": "worker.qcow2",
            "pool": "default",
            "size": 10737418240,
            "source": null,
            "xml": []
          },
          "sensitive_attributes": [],
          "identity_schema_version": 0,
          "private": "bnVsbA==",
          "dependencies": [
            "libvirt_volume.base_image"
          ]
        }
      ]
    }
  ],
  "check_results": null
}
